// !$*UTF8*$!
{
	archiveVersion = 1;
	classes = {
	};
	objectVersion = 46;
	objects = {

/* Begin PBXBuildFile section */
		C9B5FACF1A223D9500B005EB /* main.m in Sources */ = {isa = PBXBuildFile; fileRef = C9B5FACE1A223D9500B005EB /* main.m */; };
		C9B5FAD21A223D9500B005EB /* AppDelegate.m in Sources */ = {isa = PBXBuildFile; fileRef = C9B5FAD11A223D9500B005EB /* AppDelegate.m */; };
		C9B5FAD51A223D9500B005EB /* ViewController.m in Sources */ = {isa = PBXBuildFile; fileRef = C9B5FAD41A223D9500B005EB /* ViewController.m */; };
		C9B5FAD81A223D9500B005EB /* Main.storyboard in Resources */ = {isa = PBXBuildFile; fileRef = C9B5FAD61A223D9500B005EB /* Main.storyboard */; };
		C9B5FADA1A223D9500B005EB /* Images.xcassets in Resources */ = {isa = PBXBuildFile; fileRef = C9B5FAD91A223D9500B005EB /* Images.xcassets */; };
		C9B5FADD1A223D9500B005EB /* LaunchScreen.xib in Resources */ = {isa = PBXBuildFile; fileRef = C9B5FADB1A223D9500B005EB /* LaunchScreen.xib */; };
		C9B5FAE91A223D9500B005EB /* MachismoTests.m in Sources */ = {isa = PBXBuildFile; fileRef = C9B5FAE81A223D9500B005EB /* MachismoTests.m */; };
		C9B5FAF41A223E0800B005EB /* Card.m in Sources */ = {isa = PBXBuildFile; fileRef = C9B5FAF31A223E0800B005EB /* Card.m */; };
		C9B5FAF81A22ADD100B005EB /* Deck.m in Sources */ = {isa = PBXBuildFile; fileRef = C9B5FAF71A22ADD100B005EB /* Deck.m */; };
		C9B5FAFB1A22B3EE00B005EB /* PlayingCard.m in Sources */ = {isa = PBXBuildFile; fileRef = C9B5FAFA1A22B3EE00B005EB /* PlayingCard.m */; };
		C9B5FAFE1A22BF0E00B005EB /* PlayingCardDeck.m in Sources */ = {isa = PBXBuildFile; fileRef = C9B5FAFD1A22BF0E00B005EB /* PlayingCardDeck.m */; };
/* End PBXBuildFile section */

/* Begin PBXContainerItemProxy section */
		C9B5FAE31A223D9500B005EB /* PBXContainerItemProxy */ = {
			isa = PBXContainerItemProxy;
			containerPortal = C9B5FAC11A223D9500B005EB /* Project object */;
			proxyType = 1;
			remoteGlobalIDString = C9B5FAC81A223D9500B005EB;
			remoteInfo = Machismo;
		};
/* End PBXContainerItemProxy section */

/* Begin PBXFileReference section */
		C9B5FAC91A223D9500B005EB /* Machismo.app */ = {isa = PBXFileReference; explicitFileType = wrapper.application; includeInIndex = 0; path = Machismo.app; sourceTree = BUILT_PRODUCTS_DIR; };
		C9B5FACD1A223D9500B005EB /* Info.plist */ = {isa = PBXFileReference; lastKnownFileType = text.plist.xml; path = Info.plist; sourceTree = "<group>"; };
		C9B5FACE1A223D9500B005EB /* main.m */ = {isa = PBXFileReference; lastKnownFileType = sourcecode.c.objc; path = main.m; sourceTree = "<group>"; };
		C9B5FAD01A223D9500B005EB /* AppDelegate.h */ = {isa = PBXFileReference; lastKnownFileType = sourcecode.c.h; path = AppDelegate.h; sourceTree = "<group>"; };
		C9B5FAD11A223D9500B005EB /* AppDelegate.m */ = {isa = PBXFileReference; lastKnownFileType = sourcecode.c.objc; path = AppDelegate.m; sourceTree = "<group>"; };
		C9B5FAD31A223D9500B005EB /* ViewController.h */ = {isa = PBXFileReference; lastKnownFileType = sourcecode.c.h; path = ViewController.h; sourceTree = "<group>"; };
		C9B5FAD41A223D9500B005EB /* ViewController.m */ = {isa = PBXFileReference; lastKnownFileType = sourcecode.c.objc; path = ViewController.m; sourceTree = "<group>"; };
		C9B5FAD71A223D9500B005EB /* Base */ = {isa = PBXFileReference; lastKnownFileType = file.storyboard; name = Base; path = Base.lproj/Main.storyboard; sourceTree = "<group>"; };
		C9B5FAD91A223D9500B005EB /* Images.xcassets */ = {isa = PBXFileReference; lastKnownFileType = folder.assetcatalog; path = Images.xcassets; sourceTree = "<group>"; };
		C9B5FADC1A223D9500B005EB /* Base */ = {isa = PBXFileReference; lastKnownFileType = file.xib; name = Base; path = Base.lproj/LaunchScreen.xib; sourceTree = "<group>"; };
		C9B5FAE21A223D9500B005EB /* MachismoTests.xctest */ = {isa = PBXFileReference; explicitFileType = wrapper.cfbundle; includeInIndex = 0; path = MachismoTests.xctest; sourceTree = BUILT_PRODUCTS_DIR; };
		C9B5FAE71A223D9500B005EB /* Info.plist */ = {isa = PBXFileReference; lastKnownFileType = text.plist.xml; path = Info.plist; sourceTree = "<group>"; };
		C9B5FAE81A223D9500B005EB /* MachismoTests.m */ = {isa = PBXFileReference; lastKnownFileType = sourcecode.c.objc; path = MachismoTests.m; sourceTree = "<group>"; };
		C9B5FAF21A223E0800B005EB /* Card.h */ = {isa = PBXFileReference; fileEncoding = 4; lastKnownFileType = sourcecode.c.h; name = Card.h; path = Model/Card.h; sourceTree = "<group>"; };
		C9B5FAF31A223E0800B005EB /* Card.m */ = {isa = PBXFileReference; fileEncoding = 4; lastKnownFileType = sourcecode.c.objc; name = Card.m; path = Model/Card.m; sourceTree = "<group>"; };
		C9B5FAF61A22ADD100B005EB /* Deck.h */ = {isa = PBXFileReference; fileEncoding = 4; lastKnownFileType = sourcecode.c.h; path = Deck.h; sourceTree = "<group>"; };
		C9B5FAF71A22ADD100B005EB /* Deck.m */ = {isa = PBXFileReference; fileEncoding = 4; lastKnownFileType = sourcecode.c.objc; path = Deck.m; sourceTree = "<group>"; };
		C9B5FAF91A22B3EE00B005EB /* PlayingCard.h */ = {isa = PBXFileReference; fileEncoding = 4; lastKnownFileType = sourcecode.c.h; path = PlayingCard.h; sourceTree = "<group>"; };
		C9B5FAFA1A22B3EE00B005EB /* PlayingCard.m */ = {isa = PBXFileReference; fileEncoding = 4; lastKnownFileType = sourcecode.c.objc; path = PlayingCard.m; sourceTree = "<group>"; };
		C9B5FAFC1A22BF0E00B005EB /* PlayingCardDeck.h */ = {isa = PBXFileReference; fileEncoding = 4; lastKnownFileType = sourcecode.c.h; path = PlayingCardDeck.h; sourceTree = "<group>"; };
		C9B5FAFD1A22BF0E00B005EB /* PlayingCardDeck.m */ = {isa = PBXFileReference; fileEncoding = 4; lastKnownFileType = sourcecode.c.objc; path = PlayingCardDeck.m; sourceTree = "<group>"; };
/* End PBXFileReference section */

/* Begin PBXFrameworksBuildPhase section */
		C9B5FAC61A223D9500B005EB /* Frameworks */ = {
			isa = PBXFrameworksBuildPhase;
			buildActionMask = 2147483647;
			files = (
			);
			runOnlyForDeploymentPostprocessing = 0;
		};
		C9B5FADF1A223D9500B005EB /* Frameworks */ = {
			isa = PBXFrameworksBuildPhase;
			buildActionMask = 2147483647;
			files = (
			);
			runOnlyForDeploymentPostprocessing = 0;
		};
/* End PBXFrameworksBuildPhase section */

/* Begin PBXGroup section */
		C9B5FAC01A223D9500B005EB = {
			isa = PBXGroup;
			children = (
				C9B5FACB1A223D9500B005EB /* Machismo */,
				C9B5FAE51A223D9500B005EB /* MachismoTests */,
				C9B5FACA1A223D9500B005EB /* Products */,
			);
			sourceTree = "<group>";
		};
		C9B5FACA1A223D9500B005EB /* Products */ = {
			isa = PBXGroup;
			children = (
				C9B5FAC91A223D9500B005EB /* Machismo.app */,
				C9B5FAE21A223D9500B005EB /* MachismoTests.xctest */,
			);
			name = Products;
			sourceTree = "<group>";
		};
		C9B5FACB1A223D9500B005EB /* Machismo */ = {
			isa = PBXGroup;
			children = (
				C9B5FAD01A223D9500B005EB /* AppDelegate.h */,
				C9B5FAD11A223D9500B005EB /* AppDelegate.m */,
				C9B5FAD31A223D9500B005EB /* ViewController.h */,
				C9B5FAD41A223D9500B005EB /* ViewController.m */,
				C9B5FAD61A223D9500B005EB /* Main.storyboard */,
				C9B5FAD91A223D9500B005EB /* Images.xcassets */,
				C9B5FADB1A223D9500B005EB /* LaunchScreen.xib */,
				C9B5FAF51A223E1300B005EB /* Model */,
				C9B5FACC1A223D9500B005EB /* Supporting Files */,
			);
			path = Machismo;
			sourceTree = "<group>";
		};
		C9B5FACC1A223D9500B005EB /* Supporting Files */ = {
			isa = PBXGroup;
			children = (
				C9B5FACD1A223D9500B005EB /* Info.plist */,
				C9B5FACE1A223D9500B005EB /* main.m */,
			);
			name = "Supporting Files";
			sourceTree = "<group>";
		};
		C9B5FAE51A223D9500B005EB /* MachismoTests */ = {
			isa = PBXGroup;
			children = (
				C9B5FAE81A223D9500B005EB /* MachismoTests.m */,
				C9B5FAE61A223D9500B005EB /* Supporting Files */,
			);
			path = MachismoTests;
			sourceTree = "<group>";
		};
		C9B5FAE61A223D9500B005EB /* Supporting Files */ = {
			isa = PBXGroup;
			children = (
				C9B5FAE71A223D9500B005EB /* Info.plist */,
			);
			name = "Supporting Files";
			sourceTree = "<group>";
		};
		C9B5FAF51A223E1300B005EB /* Model */ = {
			isa = PBXGroup;
			children = (
				C9B5FAF21A223E0800B005EB /* Card.h */,
				C9B5FAF31A223E0800B005EB /* Card.m */,
				C9B5FAF61A22ADD100B005EB /* Deck.h */,
				C9B5FAF71A22ADD100B005EB /* Deck.m */,
				C9B5FAF91A22B3EE00B005EB /* PlayingCard.h */,
				C9B5FAFA1A22B3EE00B005EB /* PlayingCard.m */,
				C9B5FAFC1A22BF0E00B005EB /* PlayingCardDeck.h */,
				C9B5FAFD1A22BF0E00B005EB /* PlayingCardDeck.m */,
			);
			name = Model;
			sourceTree = "<group>";
		};
/* End PBXGroup section */

/* Begin PBXNativeTarget section */
		C9B5FAC81A223D9500B005EB /* Machismo */ = {
			isa = PBXNativeTarget;
			buildConfigurationList = C9B5FAEC1A223D9500B005EB /* Build configuration list for PBXNativeTarget "Machismo" */;
			buildPhases = (
				C9B5FAC51A223D9500B005EB /* Sources */,
				C9B5FAC61A223D9500B005EB /* Frameworks */,
				C9B5FAC71A223D9500B005EB /* Resources */,
			);
			buildRules = (
			);
			dependencies = (
			);
			name = Machismo;
			productName = Machismo;
			productReference = C9B5FAC91A223D9500B005EB /* Machismo.app */;
			productType = "com.apple.product-type.application";
		};
		C9B5FAE11A223D9500B005EB /* MachismoTests */ = {
			isa = PBXNativeTarget;
			buildConfigurationList = C9B5FAEF1A223D9500B005EB /* Build configuration list for PBXNativeTarget "MachismoTests" */;
			buildPhases = (
				C9B5FADE1A223D9500B005EB /* Sources */,
				C9B5FADF1A223D9500B005EB /* Frameworks */,
				C9B5FAE01A223D9500B005EB /* Resources */,
			);
			buildRules = (
			);
			dependencies = (
				C9B5FAE41A223D9500B005EB /* PBXTargetDependency */,
			);
			name = MachismoTests;
			productName = MachismoTests;
			productReference = C9B5FAE21A223D9500B005EB /* MachismoTests.xctest */;
			productType = "com.apple.product-type.bundle.unit-test";
		};
/* End PBXNativeTarget section */

/* Begin PBXProject section */
		C9B5FAC11A223D9500B005EB /* Project object */ = {
			isa = PBXProject;
			attributes = {
				LastUpgradeCheck = 0610;
				ORGANIZATIONNAME = "王增迪";
				TargetAttributes = {
					C9B5FAC81A223D9500B005EB = {
						CreatedOnToolsVersion = 6.1;
					};
					C9B5FAE11A223D9500B005EB = {
						CreatedOnToolsVersion = 6.1;
						TestTargetID = C9B5FAC81A223D9500B005EB;
					};
				};
			};
			buildConfigurationList = C9B5FAC41A223D9500B005EB /* Build configuration list for PBXProject "Machismo" */;
			compatibilityVersion = "Xcode 3.2";
			developmentRegion = English;
			hasScannedForEncodings = 0;
			knownRegions = (
				en,
				Base,
			);
			mainGroup = C9B5FAC01A223D9500B005EB;
			productRefGroup = C9B5FACA1A223D9500B005EB /* Products */;
			projectDirPath = "";
			projectRoot = "";
			targets = (
				C9B5FAC81A223D9500B005EB /* Machismo */,
				C9B5FAE11A223D9500B005EB /* MachismoTests */,
			);
		};
/* End PBXProject section */

/* Begin PBXResourcesBuildPhase section */
		C9B5FAC71A223D9500B005EB /* Resources */ = {
			isa = PBXResourcesBuildPhase;
			buildActionMask = 2147483647;
			files = (
				C9B5FAD81A223D9500B005EB /* Main.storyboard in Resources */,
				C9B5FADD1A223D9500B005EB /* LaunchScreen.xib in Resources */,
				C9B5FADA1A223D9500B005EB /* Images.xcassets in Resources */,
			);
			runOnlyForDeploymentPostprocessing = 0;
		};
		C9B5FAE01A223D9500B005EB /* Resources */ = {
			isa = PBXResourcesBuildPhase;
			buildActionMask = 2147483647;
			files = (
			);
			runOnlyForDeploymentPostprocessing = 0;
		};
/* End PBXResourcesBuildPhase section */

/* Begin PBXSourcesBuildPhase section */
		C9B5FAC51A223D9500B005EB /* Sources */ = {
			isa = PBXSourcesBuildPhase;
			buildActionMask = 2147483647;
			files = (
				C9B5FAFB1A22B3EE00B005EB /* PlayingCard.m in Sources */,
				C9B5FAF81A22ADD100B005EB /* Deck.m in Sources */,
				C9B5FAD51A223D9500B005EB /* ViewController.m in Sources */,
				C9B5FAD21A223D9500B005EB /* AppDelegate.m in Sources */,
				C9B5FAFE1A22BF0E00B005EB /* PlayingCardDeck.m in Sources */,
				C9B5FACF1A223D9500B005EB /* main.m in Sources */,
				C9B5FAF41A223E0800B005EB /* Card.m in Sources */,
			);
			runOnlyForDeploymentPostprocessing = 0;
		};
		C9B5FADE1A223D9500B005EB /* Sources */ = {
			isa = PBXSourcesBuildPhase;
			buildActionMask = 2147483647;
			files = (
				C9B5FAE91A223D9500B005EB /* MachismoTests.m in Sources */,
			);
			runOnlyForDeploymentPostprocessing = 0;
		};
/* End PBXSourcesBuildPhase section */

/* Begin PBXTargetDependency section */
		C9B5FAE41A223D9500B005EB /* PBXTargetDependency */ = {
			isa = PBXTargetDependency;
			target = C9B5FAC81A223D9500B005EB /* Machismo */;
			targetProxy = C9B5FAE31A223D9500B005EB /* PBXContainerItemProxy */;
		};
/* End PBXTargetDependency section */

/* Begin PBXVariantGroup section */
		C9B5FAD61A223D9500B005EB /* Main.storyboard */ = {
			isa = PBXVariantGroup;
			children = (
				C9B5FAD71A223D9500B005EB /* Base */,
			);
			name = Main.storyboard;
			sourceTree = "<group>";
		};
		C9B5FADB1A223D9500B005EB /* LaunchScreen.xib */ = {
			isa = PBXVariantGroup;
			children = (
				C9B5FADC1A223D9500B005EB /* Base */,
			);
			name = LaunchScreen.xib;
			sourceTree = "<group>";
		};
/* End PBXVariantGroup section */

/* Begin XCBuildConfiguration section */
		C9B5FAEA1A223D9500B005EB /* Debug */ = {
			isa = XCBuildConfiguration;
			buildSettings = {
				ALWAYS_SEARCH_USER_PATHS = NO;
				CLANG_CXX_LANGUAGE_STANDARD = "gnu++0x";
				CLANG_CXX_LIBRARY = "libc++";
				CLANG_ENABLE_MODULES = YES;
				CLANG_ENABLE_OBJC_ARC = YES;
				CLANG_WARN_BOOL_CONVERSION = YES;
				CLANG_WARN_CONSTANT_CONVERSION = YES;
				CLANG_WARN_DIRECT_OBJC_ISA_USAGE = YES_ERROR;
				CLANG_WARN_EMPTY_BODY = YES;
				CLANG_WARN_ENUM_CONVERSION = YES;
				CLANG_WARN_INT_CONVERSION = YES;
				CLANG_WARN_OBJC_ROOT_CLASS = YES_ERROR;
				CLANG_WARN_UNREACHABLE_CODE = YES;
				CLANG_WARN__DUPLICATE_METHOD_MATCH = YES;
				"CODE_SIGN_IDENTITY[sdk=iphoneos*]" = "iPhone Developer";
				COPY_PHASE_STRIP = NO;
				ENABLE_STRICT_OBJC_MSGSEND = YES;
				GCC_C_LANGUAGE_STANDARD = gnu99;
				GCC_DYNAMIC_NO_PIC = NO;
				GCC_OPTIMIZATION_LEVEL = 0;
				GCC_PREPROCESSOR_DEFINITIONS = (
					"DEBUG=1",
					"$(inherited)",
				);
				GCC_SYMBOLS_PRIVATE_EXTERN = NO;
				GCC_WARN_64_TO_32_BIT_CONVERSION = YES;
				GCC_WARN_ABOUT_RETURN_TYPE = YES_ERROR;
				GCC_WARN_UNDECLARED_SELECTOR = YES;
				GCC_WARN_UNINITIALIZED_AUTOS = YES_AGGRESSIVE;
				GCC_WARN_UNUSED_FUNCTION = YES;
				GCC_WARN_UNUSED_VARIABLE = YES;
				IPHONEOS_DEPLOYMENT_TARGET = 8.1;
				MTL_ENABLE_DEBUG_INFO = YES;
				ONLY_ACTIVE_ARCH = YES;
				SDKROOT = iphoneos;
				TARGETED_DEVICE_FAMILY = "1,2";
			};
			name = Debug;
		};
		C9B5FAEB1A223D9500B005EB /* Release */ = {
			isa = XCBuildConfiguration;
			buildSettings = {
				ALWAYS_SEARCH_USER_PATHS = NO;
				CLANG_CXX_LANGUAGE_STANDARD = "gnu++0x";
				CLANG_CXX_LIBRARY = "libc++";
				CLANG_ENABLE_MODULES = YES;
				CLANG_ENABLE_OBJC_ARC = YES;
				CLANG_WARN_BOOL_CONVERSION = YES;
				CLANG_WARN_CONSTANT_CONVERSION = YES;
				CLANG_WARN_DIRECT_OBJC_ISA_USAGE = YES_ERROR;
				CLANG_WARN_EMPTY_BODY = YES;
				CLANG_WARN_ENUM_CONVERSION = YES;
				CLANG_WARN_INT_CONVERSION = YES;
				CLANG_WARN_OBJC_ROOT_CLASS = YES_ERROR;
				CLANG_WARN_UNREACHABLE_CODE = YES;
				CLANG_WARN__DUPLICATE_METHOD_MATCH = YES;
				"CODE_SIGN_IDENTITY[sdk=iphoneos*]" = "iPhone Developer";
				COPY_PHASE_STRIP = YES;
				ENABLE_NS_ASSERTIONS = NO;
				ENABLE_STRICT_OBJC_MSGSEND = YES;
				GCC_C_LANGUAGE_STANDARD = gnu99;
				GCC_WARN_64_TO_32_BIT_CONVERSION = YES;
				GCC_WARN_ABOUT_RETURN_TYPE = YES_ERROR;
				GCC_WARN_UNDECLARED_SELECTOR = YES;
				GCC_WARN_UNINITIALIZED_AUTOS = YES_AGGRESSIVE;
				GCC_WARN_UNUSED_FUNCTION = YES;
				GCC_WARN_UNUSED_VARIABLE = YES;
				IPHONEOS_DEPLOYMENT_TARGET = 8.1;
				MTL_ENABLE_DEBUG_INFO = NO;
				SDKROOT = iphoneos;
				TARGETED_DEVICE_FAMILY = "1,2";
				VALIDATE_PRODUCT = YES;
			};
			name = Release;
		};
		C9B5FAED1A223D9500B005EB /* Debug */ = {
			isa = XCBuildConfiguration;
			buildSettings = {
				ASSETCATALOG_COMPILER_APPICON_NAME = AppIcon;
				INFOPLIST_FILE = Machismo/Info.plist;
				LD_RUNPATH_SEARCH_PATHS = "$(inherited) @executable_path/Frameworks";
				PRODUCT_NAME = "$(TARGET_NAME)";
			};
			name = Debug;
		};
		C9B5FAEE1A223D9500B005EB /* Release */ = {
			isa = XCBuildConfiguration;
			buildSettings = {
				ASSETCATALOG_COMPILER_APPICON_NAME = AppIcon;
				INFOPLIST_FILE = Machismo/Info.plist;
				LD_RUNPATH_SEARCH_PATHS = "$(inherited) @executable_path/Frameworks";
				PRODUCT_NAME = "$(TARGET_NAME)";
			};
			name = Release;
		};
		C9B5FAF01A223D9500B005EB /* Debug */ = {
			isa = XCBuildConfiguration;
			buildSettings = {
				BUNDLE_LOADER = "$(TEST_HOST)";
				FRAMEWORK_SEARCH_PATHS = (
					"$(SDKROOT)/Developer/Library/Frameworks",
					"$(inherited)",
				);
				GCC_PREPROCESSOR_DEFINITIONS = (
					"DEBUG=1",
					"$(inherited)",
				);
				INFOPLIST_FILE = MachismoTests/Info.plist;
				LD_RUNPATH_SEARCH_PATHS = "$(inherited) @executable_path/Frameworks @loader_path/Frameworks";
				PRODUCT_NAME = "$(TARGET_NAME)";
				TEST_HOST = "$(BUILT_PRODUCTS_DIR)/Machismo.app/Machismo";
			};
			name = Debug;
		};
		C9B5FAF11A223D9500B005EB /* Release */ = {
			isa = XCBuildConfiguration;
			buildSettings = {
				BUNDLE_LOADER = "$(TEST_HOST)";
				FRAMEWORK_SEARCH_PATHS = (
					"$(SDKROOT)/Developer/Library/Frameworks",
					"$(inherited)",
				);
				INFOPLIST_FILE = MachismoTests/Info.plist;
				LD_RUNPATH_SEARCH_PATHS = "$(inherited) @executable_path/Frameworks @loader_path/Frameworks";
				PRODUCT_NAME = "$(TARGET_NAME)";
				TEST_HOST = "$(BUILT_PRODUCTS_DIR)/Machismo.app/Machismo";
			};
			name = Release;
		};
/* End XCBuildConfiguration section */

/* Begin XCConfigurationList section */
		C9B5FAC41A223D9500B005EB /* Build configuration list for PBXProject "Machismo" */ = {
			isa = XCConfigurationList;
			buildConfigurations = (
				C9B5FAEA1A223D9500B005EB /* Debug */,
				C9B5FAEB1A223D9500B005EB /* Release */,
			);
			defaultConfigurationIsVisible = 0;
			defaultConfigurationName = Release;
		};
		C9B5FAEC1A223D9500B005EB /* Build configuration list for PBXNativeTarget "Machismo" */ = {
			isa = XCConfigurationList;
			buildConfigurations = (
				C9B5FAED1A223D9500B005EB /* Debug */,
				C9B5FAEE1A223D9500B005EB /* Release */,
			);
			defaultConfigurationIsVisible = 0;
		};
		C9B5FAEF1A223D9500B005EB /* Build configuration list for PBXNativeTarget "MachismoTests" */ = {
			isa = XCConfigurationList;
			buildConfigurations = (
				C9B5FAF01A223D9500B005EB /* Debug */,
				C9B5FAF11A223D9500B005EB /* Release */,
			);
			defaultConfigurationIsVisible = 0;
		};
/* End XCConfigurationList section */
	};
	rootObject = C9B5FAC11A223D9500B005EB /* Project object */;
}
